
Microsoft Visual Studio Solution File, Format Version 12.00
# Visual Studio Version 17
VisualStudioVersion = 17.13.35825.156
MinimumVisualStudioVersion = 10.0.40219.1
Project("{FAE04EC0-301F-11D3-BF4B-00C04F79EFBC}") = "GOE_Ecommerce", "GOE_Ecommerce.csproj", "{E3861309-49F7-A5FC-5FED-DCDFFAB7D521}"
EndProject
Global
	GlobalSection(SolutionConfigurationPlatforms) = preSolution
		Debug|Any CPU = Debug|Any CPU
		Release|Any CPU = Release|Any CPU
	EndGlobalSection
	GlobalSection(ProjectConfigurationPlatforms) = postSolution
		{E3861309-49F7-A5FC-5FED-DCDFFAB7D521}.Debug|Any CPU.ActiveCfg = Debug|Any CPU
		{E3861309-49F7-A5FC-5FED-DCDFFAB7D521}.Debug|Any CPU.Build.0 = Debug|Any CPU
		{E3861309-49F7-A5FC-5FED-DCDFFAB7D521}.Release|Any CPU.ActiveCfg = Release|Any CPU
		{E3861309-49F7-A5FC-5FED-DCDFFAB7D521}.Release|Any CPU.Build.0 = Release|Any CPU
	EndGlobalSection
	GlobalSection(SolutionProperties) = preSolution
		HideSolutionNode = FALSE
	EndGlobalSection
	GlobalSection(ExtensibilityGlobals) = postSolution
		SolutionGuid = {D4731444-8646-4BD7-A588-C2059B58BC53}
	EndGlobalSection
EndGlobal
